github.com/BurntSushi/toml v1.2.1 h1:9F2/+DoOYIOksmaJFPw1tGFy1eDnIJXg+UHjuD8lTak=
github.com/BurntSushi/toml v1.2.1/go.mod h1:CxXYINrC8qIiEnFrOxCa7Jy5BFHlXnUU2pbicEuybxQ=
github.com/ingentingalls/rofi v0.1.0 h1:lsRu2w47mxs7IpwUOPx4M03U9TFOZL6L7fOyBYSKX94=
github.com/ingentingalls/rofi v0.1.0/go.mod h1:h7M22tmEAZ/9FyM9EQ3iUrl1TL6+cAkwMwJP4o8Pftg=
golang.org/x/exp v0.0.0-20230213192124-5e25df0256eb h1:PaBZQdo+iSDyHT053FjUCgZQ/9uqVwPOcl7KSWhKn6w=
golang.org/x/exp v0.0.0-20230213192124-5e25df0256eb/go.mod h1:CxIveKay+FTh1D0yPZemJVgC/95VzuuOLq5Qi4xnoYc=
