github.com/ingentingalls/rofi v0.0.1 h1:oCOWtbXLI+JJCf/wQw39TH6lJtv3yTvELCaqKHyLMUs=
github.com/ingentingalls/rofi v0.0.1/go.mod h1:h7M22tmEAZ/9FyM9EQ3iUrl1TL6+cAkwMwJP4o8Pftg=
github.com/ingentingalls/rofi v0.0.2 h1:z+LZ3JYU0fGTVamkRZaUbsSIPaC7lxySgMfD0sLwk6k=
github.com/ingentingalls/rofi v0.0.2/go.mod h1:h7M22tmEAZ/9FyM9EQ3iUrl1TL6+cAkwMwJP4o8Pftg=
github.com/ingentingalls/rofi v0.1.0 h1:lsRu2w47mxs7IpwUOPx4M03U9TFOZL6L7fOyBYSKX94=
github.com/ingentingalls/rofi v0.1.0/go.mod h1:h7M22tmEAZ/9FyM9EQ3iUrl1TL6+cAkwMwJP4o8Pftg=
